// !$*UTF8*$!
{
	archiveVersion = 1;
	classes = {
	};
	objectVersion = 56;
	objects = {

/* Begin PBXBuildFile section */
		0E2552F62A92986C00FBB637 /* Constants.swift in Sources */ = {isa = PBXBuildFile; fileRef = 0E2552F52A92986C00FBB637 /* Constants.swift */; };
		0E2552FA2A92A49400FBB637 /* LeaderboardView.swift in Sources */ = {isa = PBXBuildFile; fileRef = 0E2552F92A92A49400FBB637 /* LeaderboardView.swift */; };
		0E2C854129DA91F3008411D7 /* BullseyeApp.swift in Sources */ = {isa = PBXBuildFile; fileRef = 0E2C854029DA91F3008411D7 /* BullseyeApp.swift */; };
		0E2C854329DA91F3008411D7 /* ContentView.swift in Sources */ = {isa = PBXBuildFile; fileRef = 0E2C854229DA91F3008411D7 /* ContentView.swift */; };
		0E2C854529DA91F5008411D7 /* Assets.xcassets in Resources */ = {isa = PBXBuildFile; fileRef = 0E2C854429DA91F5008411D7 /* Assets.xcassets */; };
		0E2C854829DA91F5008411D7 /* Preview Assets.xcassets in Resources */ = {isa = PBXBuildFile; fileRef = 0E2C854729DA91F5008411D7 /* Preview Assets.xcassets */; };
		0E2C855229DABC89008411D7 /* Game.swift in Sources */ = {isa = PBXBuildFile; fileRef = 0E2C855129DABC89008411D7 /* Game.swift */; };
		0E3C24212A6E12BF00E6733C /* PointsView.swift in Sources */ = {isa = PBXBuildFile; fileRef = 0E3C24202A6E12BF00E6733C /* PointsView.swift */; };
		0E83EEA929DBD7A600B4F54C /* BullseyeTests.swift in Sources */ = {isa = PBXBuildFile; fileRef = 0E83EEA829DBD7A600B4F54C /* BullseyeTests.swift */; };
		0E83EEB029DD99F900B4F54C /* TextViews.swift in Sources */ = {isa = PBXBuildFile; fileRef = 0E83EEAF29DD99F900B4F54C /* TextViews.swift */; };
		0E83EEB229DEFA5F00B4F54C /* Shapes.swift in Sources */ = {isa = PBXBuildFile; fileRef = 0E83EEB129DEFA5F00B4F54C /* Shapes.swift */; };
		0E83EEB429E036D200B4F54C /* RoundedViews.swift in Sources */ = {isa = PBXBuildFile; fileRef = 0E83EEB329E036D200B4F54C /* RoundedViews.swift */; };
		0E83EEB629E03A7400B4F54C /* BackgroundView.swift in Sources */ = {isa = PBXBuildFile; fileRef = 0E83EEB529E03A7400B4F54C /* BackgroundView.swift */; };
/* End PBXBuildFile section */

/* Begin PBXContainerItemProxy section */
		0E83EEAA29DBD7A600B4F54C /* PBXContainerItemProxy */ = {
			isa = PBXContainerItemProxy;
			containerPortal = 0E2C853529DA91F3008411D7 /* Project object */;
			proxyType = 1;
			remoteGlobalIDString = 0E2C853C29DA91F3008411D7;
			remoteInfo = Bullseye;
		};
/* End PBXContainerItemProxy section */

/* Begin PBXFileReference section */
		0E2552F52A92986C00FBB637 /* Constants.swift */ = {isa = PBXFileReference; lastKnownFileType = sourcecode.swift; path = Constants.swift; sourceTree = "<group>"; };
		0E2552F92A92A49400FBB637 /* LeaderboardView.swift */ = {isa = PBXFileReference; lastKnownFileType = sourcecode.swift; path = LeaderboardView.swift; sourceTree = "<group>"; };
		0E2C853D29DA91F3008411D7 /* Bullseye.app */ = {isa = PBXFileReference; explicitFileType = wrapper.application; includeInIndex = 0; path = Bullseye.app; sourceTree = BUILT_PRODUCTS_DIR; };
		0E2C854029DA91F3008411D7 /* BullseyeApp.swift */ = {isa = PBXFileReference; lastKnownFileType = sourcecode.swift; path = BullseyeApp.swift; sourceTree = "<group>"; };
		0E2C854229DA91F3008411D7 /* ContentView.swift */ = {isa = PBXFileReference; lastKnownFileType = sourcecode.swift; path = ContentView.swift; sourceTree = "<group>"; };
		0E2C854429DA91F5008411D7 /* Assets.xcassets */ = {isa = PBXFileReference; lastKnownFileType = folder.assetcatalog; path = Assets.xcassets; sourceTree = "<group>"; };
		0E2C854729DA91F5008411D7 /* Preview Assets.xcassets */ = {isa = PBXFileReference; lastKnownFileType = folder.assetcatalog; path = "Preview Assets.xcassets"; sourceTree = "<group>"; };
		0E2C855129DABC89008411D7 /* Game.swift */ = {isa = PBXFileReference; lastKnownFileType = sourcecode.swift; path = Game.swift; sourceTree = "<group>"; };
		0E3C24202A6E12BF00E6733C /* PointsView.swift */ = {isa = PBXFileReference; lastKnownFileType = sourcecode.swift; path = PointsView.swift; sourceTree = "<group>"; };
		0E83EEA629DBD7A600B4F54C /* BullseyeTests.xctest */ = {isa = PBXFileReference; explicitFileType = wrapper.cfbundle; includeInIndex = 0; path = BullseyeTests.xctest; sourceTree = BUILT_PRODUCTS_DIR; };
		0E83EEA829DBD7A600B4F54C /* BullseyeTests.swift */ = {isa = PBXFileReference; lastKnownFileType = sourcecode.swift; path = BullseyeTests.swift; sourceTree = "<group>"; };
		0E83EEAF29DD99F900B4F54C /* TextViews.swift */ = {isa = PBXFileReference; lastKnownFileType = sourcecode.swift; path = TextViews.swift; sourceTree = "<group>"; };
		0E83EEB129DEFA5F00B4F54C /* Shapes.swift */ = {isa = PBXFileReference; lastKnownFileType = sourcecode.swift; path = Shapes.swift; sourceTree = "<group>"; };
		0E83EEB329E036D200B4F54C /* RoundedViews.swift */ = {isa = PBXFileReference; lastKnownFileType = sourcecode.swift; path = RoundedViews.swift; sourceTree = "<group>"; };
		0E83EEB529E03A7400B4F54C /* BackgroundView.swift */ = {isa = PBXFileReference; lastKnownFileType = sourcecode.swift; path = BackgroundView.swift; sourceTree = "<group>"; };
/* End PBXFileReference section */

/* Begin PBXFrameworksBuildPhase section */
		0E2C853A29DA91F3008411D7 /* Frameworks */ = {
			isa = PBXFrameworksBuildPhase;
			buildActionMask = 2147483647;
			files = (
			);
			runOnlyForDeploymentPostprocessing = 0;
		};
		0E83EEA329DBD7A600B4F54C /* Frameworks */ = {
			isa = PBXFrameworksBuildPhase;
			buildActionMask = 2147483647;
			files = (
			);
			runOnlyForDeploymentPostprocessing = 0;
		};
/* End PBXFrameworksBuildPhase section */

/* Begin PBXGroup section */
		0E2C853429DA91F3008411D7 = {
			isa = PBXGroup;
			children = (
				0E2552F52A92986C00FBB637 /* Constants.swift */,
				0E2C853F29DA91F3008411D7 /* Bullseye */,
				0E83EEA729DBD7A600B4F54C /* BullseyeTests */,
				0E2C853E29DA91F3008411D7 /* Products */,
			);
			sourceTree = "<group>";
		};
		0E2C853E29DA91F3008411D7 /* Products */ = {
			isa = PBXGroup;
			children = (
				0E2C853D29DA91F3008411D7 /* Bullseye.app */,
				0E83EEA629DBD7A600B4F54C /* BullseyeTests.xctest */,
			);
			name = Products;
			sourceTree = "<group>";
		};
		0E2C853F29DA91F3008411D7 /* Bullseye */ = {
			isa = PBXGroup;
			children = (
				0E2C855029DABC4E008411D7 /* App */,
				0E2C854F29DABC30008411D7 /* Views */,
				0E2C854E29DABC0F008411D7 /* Models */,
				0E2C854429DA91F5008411D7 /* Assets.xcassets */,
				0E2C854629DA91F5008411D7 /* Preview Content */,
			);
			path = Bullseye;
			sourceTree = "<group>";
		};
		0E2C854629DA91F5008411D7 /* Preview Content */ = {
			isa = PBXGroup;
			children = (
				0E2C854729DA91F5008411D7 /* Preview Assets.xcassets */,
			);
			path = "Preview Content";
			sourceTree = "<group>";
		};
		0E2C854E29DABC0F008411D7 /* Models */ = {
			isa = PBXGroup;
			children = (
				0E2C855129DABC89008411D7 /* Game.swift */,
			);
			path = Models;
			sourceTree = "<group>";
		};
		0E2C854F29DABC30008411D7 /* Views */ = {
			isa = PBXGroup;
			children = (
				0E2C854229DA91F3008411D7 /* ContentView.swift */,
				0E83EEAF29DD99F900B4F54C /* TextViews.swift */,
				0E83EEB129DEFA5F00B4F54C /* Shapes.swift */,
				0E83EEB329E036D200B4F54C /* RoundedViews.swift */,
				0E83EEB529E03A7400B4F54C /* BackgroundView.swift */,
				0E3C24202A6E12BF00E6733C /* PointsView.swift */,
				0E2552F92A92A49400FBB637 /* LeaderboardView.swift */,
			);
			path = Views;
			sourceTree = "<group>";
		};
		0E2C855029DABC4E008411D7 /* App */ = {
			isa = PBXGroup;
			children = (
				0E2C854029DA91F3008411D7 /* BullseyeApp.swift */,
			);
			path = App;
			sourceTree = "<group>";
		};
		0E83EEA729DBD7A600B4F54C /* BullseyeTests */ = {
			isa = PBXGroup;
			children = (
				0E83EEA829DBD7A600B4F54C /* BullseyeTests.swift */,
			);
			path = BullseyeTests;
			sourceTree = "<group>";
		};
/* End PBXGroup section */

/* Begin PBXNativeTarget section */
		0E2C853C29DA91F3008411D7 /* Bullseye */ = {
			isa = PBXNativeTarget;
			buildConfigurationList = 0E2C854B29DA91F5008411D7 /* Build configuration list for PBXNativeTarget "Bullseye" */;
			buildPhases = (
				0E2C853929DA91F3008411D7 /* Sources */,
				0E2C853A29DA91F3008411D7 /* Frameworks */,
				0E2C853B29DA91F3008411D7 /* Resources */,
			);
			buildRules = (
			);
			dependencies = (
			);
			name = Bullseye;
			productName = Bullseye;
			productReference = 0E2C853D29DA91F3008411D7 /* Bullseye.app */;
			productType = "com.apple.product-type.application";
		};
		0E83EEA529DBD7A600B4F54C /* BullseyeTests */ = {
			isa = PBXNativeTarget;
			buildConfigurationList = 0E83EEAE29DBD7A600B4F54C /* Build configuration list for PBXNativeTarget "BullseyeTests" */;
			buildPhases = (
				0E83EEA229DBD7A600B4F54C /* Sources */,
				0E83EEA329DBD7A600B4F54C /* Frameworks */,
				0E83EEA429DBD7A600B4F54C /* Resources */,
			);
			buildRules = (
			);
			dependencies = (
				0E83EEAB29DBD7A600B4F54C /* PBXTargetDependency */,
			);
			name = BullseyeTests;
			productName = BullseyeTests;
			productReference = 0E83EEA629DBD7A600B4F54C /* BullseyeTests.xctest */;
			productType = "com.apple.product-type.bundle.unit-test";
		};
/* End PBXNativeTarget section */

/* Begin PBXProject section */
		0E2C853529DA91F3008411D7 /* Project object */ = {
			isa = PBXProject;
			attributes = {
				BuildIndependentTargetsInParallel = 1;
				LastSwiftUpdateCheck = 1430;
				LastUpgradeCheck = 1430;
				TargetAttributes = {
					0E2C853C29DA91F3008411D7 = {
						CreatedOnToolsVersion = 14.3;
					};
					0E83EEA529DBD7A600B4F54C = {
						CreatedOnToolsVersion = 14.3;
						TestTargetID = 0E2C853C29DA91F3008411D7;
					};
				};
			};
			buildConfigurationList = 0E2C853829DA91F3008411D7 /* Build configuration list for PBXProject "Bullseye" */;
			compatibilityVersion = "Xcode 14.0";
			developmentRegion = en;
			hasScannedForEncodings = 0;
			knownRegions = (
				en,
				Base,
			);
			mainGroup = 0E2C853429DA91F3008411D7;
			productRefGroup = 0E2C853E29DA91F3008411D7 /* Products */;
			projectDirPath = "";
			projectRoot = "";
			targets = (
				0E2C853C29DA91F3008411D7 /* Bullseye */,
				0E83EEA529DBD7A600B4F54C /* BullseyeTests */,
			);
		};
/* End PBXProject section */

/* Begin PBXResourcesBuildPhase section */
		0E2C853B29DA91F3008411D7 /* Resources */ = {
			isa = PBXResourcesBuildPhase;
			buildActionMask = 2147483647;
			files = (
				0E2C854829DA91F5008411D7 /* Preview Assets.xcassets in Resources */,
				0E2C854529DA91F5008411D7 /* Assets.xcassets in Resources */,
			);
			runOnlyForDeploymentPostprocessing = 0;
		};
		0E83EEA429DBD7A600B4F54C /* Resources */ = {
			isa = PBXResourcesBuildPhase;
			buildActionMask = 2147483647;
			files = (
			);
			runOnlyForDeploymentPostprocessing = 0;
		};
/* End PBXResourcesBuildPhase section */

/* Begin PBXSourcesBuildPhase section */
		0E2C853929DA91F3008411D7 /* Sources */ = {
			isa = PBXSourcesBuildPhase;
			buildActionMask = 2147483647;
			files = (
				0E2552FA2A92A49400FBB637 /* LeaderboardView.swift in Sources */,
				0E83EEB429E036D200B4F54C /* RoundedViews.swift in Sources */,
				0E2C854329DA91F3008411D7 /* ContentView.swift in Sources */,
				0E83EEB029DD99F900B4F54C /* TextViews.swift in Sources */,
				0E3C24212A6E12BF00E6733C /* PointsView.swift in Sources */,
				0E83EEB629E03A7400B4F54C /* BackgroundView.swift in Sources */,
				0E83EEB229DEFA5F00B4F54C /* Shapes.swift in Sources */,
				0E2C855229DABC89008411D7 /* Game.swift in Sources */,
				0E2C854129DA91F3008411D7 /* BullseyeApp.swift in Sources */,
				0E2552F62A92986C00FBB637 /* Constants.swift in Sources */,
			);
			runOnlyForDeploymentPostprocessing = 0;
		};
		0E83EEA229DBD7A600B4F54C /* Sources */ = {
			isa = PBXSourcesBuildPhase;
			buildActionMask = 2147483647;
			files = (
				0E83EEA929DBD7A600B4F54C /* BullseyeTests.swift in Sources */,
			);
			runOnlyForDeploymentPostprocessing = 0;
		};
/* End PBXSourcesBuildPhase section */

/* Begin PBXTargetDependency section */
		0E83EEAB29DBD7A600B4F54C /* PBXTargetDependency */ = {
			isa = PBXTargetDependency;
			target = 0E2C853C29DA91F3008411D7 /* Bullseye */;
			targetProxy = 0E83EEAA29DBD7A600B4F54C /* PBXContainerItemProxy */;
		};
/* End PBXTargetDependency section */

/* Begin XCBuildConfiguration section */
		0E2C854929DA91F5008411D7 /* Debug */ = {
			isa = XCBuildConfiguration;
			buildSettings = {
				ALWAYS_SEARCH_USER_PATHS = NO;
				CLANG_ANALYZER_NONNULL = YES;
				CLANG_ANALYZER_NUMBER_OBJECT_CONVERSION = YES_AGGRESSIVE;
				CLANG_CXX_LANGUAGE_STANDARD = "gnu++20";
				CLANG_ENABLE_MODULES = YES;
				CLANG_ENABLE_OBJC_ARC = YES;
				CLANG_ENABLE_OBJC_WEAK = YES;
				CLANG_WARN_BLOCK_CAPTURE_AUTORELEASING = YES;
				CLANG_WARN_BOOL_CONVERSION = YES;
				CLANG_WARN_COMMA = YES;
				CLANG_WARN_CONSTANT_CONVERSION = YES;
				CLANG_WARN_DEPRECATED_OBJC_IMPLEMENTATIONS = YES;
				CLANG_WARN_DIRECT_OBJC_ISA_USAGE = YES_ERROR;
				CLANG_WARN_DOCUMENTATION_COMMENTS = YES;
				CLANG_WARN_EMPTY_BODY = YES;
				CLANG_WARN_ENUM_CONVERSION = YES;
				CLANG_WARN_INFINITE_RECURSION = YES;
				CLANG_WARN_INT_CONVERSION = YES;
				CLANG_WARN_NON_LITERAL_NULL_CONVERSION = YES;
				CLANG_WARN_OBJC_IMPLICIT_RETAIN_SELF = YES;
				CLANG_WARN_OBJC_LITERAL_CONVERSION = YES;
				CLANG_WARN_OBJC_ROOT_CLASS = YES_ERROR;
				CLANG_WARN_QUOTED_INCLUDE_IN_FRAMEWORK_HEADER = YES;
				CLANG_WARN_RANGE_LOOP_ANALYSIS = YES;
				CLANG_WARN_STRICT_PROTOTYPES = YES;
				CLANG_WARN_SUSPICIOUS_MOVE = YES;
				CLANG_WARN_UNGUARDED_AVAILABILITY = YES_AGGRESSIVE;
				CLANG_WARN_UNREACHABLE_CODE = YES;
				CLANG_WARN__DUPLICATE_METHOD_MATCH = YES;
				COPY_PHASE_STRIP = NO;
				DEBUG_INFORMATION_FORMAT = dwarf;
				ENABLE_STRICT_OBJC_MSGSEND = YES;
				ENABLE_TESTABILITY = YES;
				GCC_C_LANGUAGE_STANDARD = gnu11;
				GCC_DYNAMIC_NO_PIC = NO;
				GCC_NO_COMMON_BLOCKS = YES;
				GCC_OPTIMIZATION_LEVEL = 0;
				GCC_PREPROCESSOR_DEFINITIONS = (
					"DEBUG=1",
					"$(inherited)",
				);
				GCC_WARN_64_TO_32_BIT_CONVERSION = YES;
				GCC_WARN_ABOUT_RETURN_TYPE = YES_ERROR;
				GCC_WARN_UNDECLARED_SELECTOR = YES;
				GCC_WARN_UNINITIALIZED_AUTOS = YES_AGGRESSIVE;
				GCC_WARN_UNUSED_FUNCTION = YES;
				GCC_WARN_UNUSED_VARIABLE = YES;
				IPHONEOS_DEPLOYMENT_TARGET = 16.4;
				MTL_ENABLE_DEBUG_INFO = INCLUDE_SOURCE;
				MTL_FAST_MATH = YES;
				ONLY_ACTIVE_ARCH = YES;
				SDKROOT = iphoneos;
				SWIFT_ACTIVE_COMPILATION_CONDITIONS = DEBUG;
				SWIFT_OPTIMIZATION_LEVEL = "-Onone";
			};
			name = Debug;
		};
		0E2C854A29DA91F5008411D7 /* Release */ = {
			isa = XCBuildConfiguration;
			buildSettings = {
				ALWAYS_SEARCH_USER_PATHS = NO;
				CLANG_ANALYZER_NONNULL = YES;
				CLANG_ANALYZER_NUMBER_OBJECT_CONVERSION = YES_AGGRESSIVE;
				CLANG_CXX_LANGUAGE_STANDARD = "gnu++20";
				CLANG_ENABLE_MODULES = YES;
				CLANG_ENABLE_OBJC_ARC = YES;
				CLANG_ENABLE_OBJC_WEAK = YES;
				CLANG_WARN_BLOCK_CAPTURE_AUTORELEASING = YES;
				CLANG_WARN_BOOL_CONVERSION = YES;
				CLANG_WARN_COMMA = YES;
				CLANG_WARN_CONSTANT_CONVERSION = YES;
				CLANG_WARN_DEPRECATED_OBJC_IMPLEMENTATIONS = YES;
				CLANG_WARN_DIRECT_OBJC_ISA_USAGE = YES_ERROR;
				CLANG_WARN_DOCUMENTATION_COMMENTS = YES;
				CLANG_WARN_EMPTY_BODY = YES;
				CLANG_WARN_ENUM_CONVERSION = YES;
				CLANG_WARN_INFINITE_RECURSION = YES;
				CLANG_WARN_INT_CONVERSION = YES;
				CLANG_WARN_NON_LITERAL_NULL_CONVERSION = YES;
				CLANG_WARN_OBJC_IMPLICIT_RETAIN_SELF = YES;
				CLANG_WARN_OBJC_LITERAL_CONVERSION = YES;
				CLANG_WARN_OBJC_ROOT_CLASS = YES_ERROR;
				CLANG_WARN_QUOTED_INCLUDE_IN_FRAMEWORK_HEADER = YES;
				CLANG_WARN_RANGE_LOOP_ANALYSIS = YES;
				CLANG_WARN_STRICT_PROTOTYPES = YES;
				CLANG_WARN_SUSPICIOUS_MOVE = YES;
				CLANG_WARN_UNGUARDED_AVAILABILITY = YES_AGGRESSIVE;
				CLANG_WARN_UNREACHABLE_CODE = YES;
				CLANG_WARN__DUPLICATE_METHOD_MATCH = YES;
				COPY_PHASE_STRIP = NO;
				DEBUG_INFORMATION_FORMAT = "dwarf-with-dsym";
				ENABLE_NS_ASSERTIONS = NO;
				ENABLE_STRICT_OBJC_MSGSEND = YES;
				GCC_C_LANGUAGE_STANDARD = gnu11;
				GCC_NO_COMMON_BLOCKS = YES;
				GCC_WARN_64_TO_32_BIT_CONVERSION = YES;
				GCC_WARN_ABOUT_RETURN_TYPE = YES_ERROR;
				GCC_WARN_UNDECLARED_SELECTOR = YES;
				GCC_WARN_UNINITIALIZED_AUTOS = YES_AGGRESSIVE;
				GCC_WARN_UNUSED_FUNCTION = YES;
				GCC_WARN_UNUSED_VARIABLE = YES;
				IPHONEOS_DEPLOYMENT_TARGET = 16.4;
				MTL_ENABLE_DEBUG_INFO = NO;
				MTL_FAST_MATH = YES;
				SDKROOT = iphoneos;
				SWIFT_COMPILATION_MODE = wholemodule;
				SWIFT_OPTIMIZATION_LEVEL = "-O";
				VALIDATE_PRODUCT = YES;
			};
			name = Release;
		};
		0E2C854C29DA91F5008411D7 /* Debug */ = {
			isa = XCBuildConfiguration;
			buildSettings = {
				ASSETCATALOG_COMPILER_APPICON_NAME = AppIcon;
				ASSETCATALOG_COMPILER_GLOBAL_ACCENT_COLOR_NAME = AccentColor;
				CODE_SIGN_STYLE = Automatic;
				CURRENT_PROJECT_VERSION = 1;
				DEVELOPMENT_ASSET_PATHS = "\"Bullseye/Preview Content\"";
				DEVELOPMENT_TEAM = 3M74Y24R2G;
				ENABLE_PREVIEWS = YES;
				GENERATE_INFOPLIST_FILE = YES;
				INFOPLIST_KEY_CFBundleDisplayName = Bullseye;
				INFOPLIST_KEY_UIApplicationSceneManifest_Generation = YES;
				INFOPLIST_KEY_UIApplicationSupportsIndirectInputEvents = YES;
				INFOPLIST_KEY_UILaunchScreen_Generation = YES;
				INFOPLIST_KEY_UISupportedInterfaceOrientations_iPad = "UIInterfaceOrientationPortrait UIInterfaceOrientationPortraitUpsideDown UIInterfaceOrientationLandscapeLeft UIInterfaceOrientationLandscapeRight";
				INFOPLIST_KEY_UISupportedInterfaceOrientations_iPhone = "UIInterfaceOrientationPortrait UIInterfaceOrientationLandscapeLeft UIInterfaceOrientationLandscapeRight";
				LD_RUNPATH_SEARCH_PATHS = (
					"$(inherited)",
					"@executable_path/Frameworks",
				);
				MARKETING_VERSION = 1.0;
				PRODUCT_BUNDLE_IDENTIFIER = dylan.cronk.Bullseye;
				PRODUCT_NAME = "$(TARGET_NAME)";
				SWIFT_EMIT_LOC_STRINGS = YES;
				SWIFT_VERSION = 5.0;
				TARGETED_DEVICE_FAMILY = "1,2";
			};
			name = Debug;
		};
		0E2C854D29DA91F5008411D7 /* Release */ = {
			isa = XCBuildConfiguration;
			buildSettings = {
				ASSETCATALOG_COMPILER_APPICON_NAME = AppIcon;
				ASSETCATALOG_COMPILER_GLOBAL_ACCENT_COLOR_NAME = AccentColor;
				CODE_SIGN_STYLE = Automatic;
				CURRENT_PROJECT_VERSION = 1;
				DEVELOPMENT_ASSET_PATHS = "\"Bullseye/Preview Content\"";
				DEVELOPMENT_TEAM = 3M74Y24R2G;
				ENABLE_PREVIEWS = YES;
				GENERATE_INFOPLIST_FILE = YES;
				INFOPLIST_KEY_CFBundleDisplayName = Bullseye;
				INFOPLIST_KEY_UIApplicationSceneManifest_Generation = YES;
				INFOPLIST_KEY_UIApplicationSupportsIndirectInputEvents = YES;
				INFOPLIST_KEY_UILaunchScreen_Generation = YES;
				INFOPLIST_KEY_UISupportedInterfaceOrientations_iPad = "UIInterfaceOrientationPortrait UIInterfaceOrientationPortraitUpsideDown UIInterfaceOrientationLandscapeLeft UIInterfaceOrientationLandscapeRight";
				INFOPLIST_KEY_UISupportedInterfaceOrientations_iPhone = "UIInterfaceOrientationPortrait UIInterfaceOrientationLandscapeLeft UIInterfaceOrientationLandscapeRight";
				LD_RUNPATH_SEARCH_PATHS = (
					"$(inherited)",
					"@executable_path/Frameworks",
				);
				MARKETING_VERSION = 1.0;
				PRODUCT_BUNDLE_IDENTIFIER = dylan.cronk.Bullseye;
				PRODUCT_NAME = "$(TARGET_NAME)";
				SWIFT_EMIT_LOC_STRINGS = YES;
				SWIFT_VERSION = 5.0;
				TARGETED_DEVICE_FAMILY = "1,2";
			};
			name = Release;
		};
		0E83EEAC29DBD7A600B4F54C /* Debug */ = {
			isa = XCBuildConfiguration;
			buildSettings = {
				BUNDLE_LOADER = "$(TEST_HOST)";
				CODE_SIGN_STYLE = Automatic;
				CURRENT_PROJECT_VERSION = 1;
				DEVELOPMENT_TEAM = 3M74Y24R2G;
				GENERATE_INFOPLIST_FILE = YES;
				IPHONEOS_DEPLOYMENT_TARGET = 16.4;
				MACOSX_DEPLOYMENT_TARGET = 13.2;
				MARKETING_VERSION = 1.0;
				PRODUCT_BUNDLE_IDENTIFIER = dylan.cronk.BullseyeTests;
				PRODUCT_NAME = "$(TARGET_NAME)";
				SDKROOT = auto;
				SUPPORTED_PLATFORMS = "iphoneos iphonesimulator macosx";
				SWIFT_EMIT_LOC_STRINGS = NO;
				SWIFT_VERSION = 5.0;
				TARGETED_DEVICE_FAMILY = "1,2";
				TEST_HOST = "$(BUILT_PRODUCTS_DIR)/Bullseye.app/$(BUNDLE_EXECUTABLE_FOLDER_PATH)/Bullseye";
			};
			name = Debug;
		};
		0E83EEAD29DBD7A600B4F54C /* Release */ = {
			isa = XCBuildConfiguration;
			buildSettings = {
				BUNDLE_LOADER = "$(TEST_HOST)";
				CODE_SIGN_STYLE = Automatic;
				CURRENT_PROJECT_VERSION = 1;
				DEVELOPMENT_TEAM = 3M74Y24R2G;
				GENERATE_INFOPLIST_FILE = YES;
				IPHONEOS_DEPLOYMENT_TARGET = 16.4;
				MACOSX_DEPLOYMENT_TARGET = 13.2;
				MARKETING_VERSION = 1.0;
				PRODUCT_BUNDLE_IDENTIFIER = dylan.cronk.BullseyeTests;
				PRODUCT_NAME = "$(TARGET_NAME)";
				SDKROOT = auto;
				SUPPORTED_PLATFORMS = "iphoneos iphonesimulator macosx";
				SWIFT_EMIT_LOC_STRINGS = NO;
				SWIFT_VERSION = 5.0;
				TARGETED_DEVICE_FAMILY = "1,2";
				TEST_HOST = "$(BUILT_PRODUCTS_DIR)/Bullseye.app/$(BUNDLE_EXECUTABLE_FOLDER_PATH)/Bullseye";
			};
			name = Release;
		};
/* End XCBuildConfiguration section */

/* Begin XCConfigurationList section */
		0E2C853829DA91F3008411D7 /* Build configuration list for PBXProject "Bullseye" */ = {
			isa = XCConfigurationList;
			buildConfigurations = (
				0E2C854929DA91F5008411D7 /* Debug */,
				0E2C854A29DA91F5008411D7 /* Release */,
			);
			defaultConfigurationIsVisible = 0;
			defaultConfigurationName = Release;
		};
		0E2C854B29DA91F5008411D7 /* Build configuration list for PBXNativeTarget "Bullseye" */ = {
			isa = XCConfigurationList;
			buildConfigurations = (
				0E2C854C29DA91F5008411D7 /* Debug */,
				0E2C854D29DA91F5008411D7 /* Release */,
			);
			defaultConfigurationIsVisible = 0;
			defaultConfigurationName = Release;
		};
		0E83EEAE29DBD7A600B4F54C /* Build configuration list for PBXNativeTarget "BullseyeTests" */ = {
			isa = XCConfigurationList;
			buildConfigurations = (
				0E83EEAC29DBD7A600B4F54C /* Debug */,
				0E83EEAD29DBD7A600B4F54C /* Release */,
			);
			defaultConfigurationIsVisible = 0;
			defaultConfigurationName = Release;
		};
/* End XCConfigurationList section */
	};
	rootObject = 0E2C853529DA91F3008411D7 /* Project object */;
}
